
Microsoft Visual Studio Solution File, Format Version 12.00
# Visual Studio Version 17
VisualStudioVersion = 17.7.34031.279
MinimumVisualStudioVersion = 10.0.40219.1
Project("{FAE04EC0-301F-11D3-BF4B-00C04F79EFBC}") = "ApiKey", "ApiKey.csproj", "{D88F0286-3EC1-465D-98FB-921A8A7CC235}"
EndProject
Global
	GlobalSection(SolutionConfigurationPlatforms) = preSolution
		Debug|Any CPU = Debug|Any CPU
		Release|Any CPU = Release|Any CPU
	EndGlobalSection
	GlobalSection(ProjectConfigurationPlatforms) = postSolution
		{D88F0286-3EC1-465D-98FB-921A8A7CC235}.Debug|Any CPU.ActiveCfg = Debug|Any CPU
		{D88F0286-3EC1-465D-98FB-921A8A7CC235}.Debug|Any CPU.Build.0 = Debug|Any CPU
		{D88F0286-3EC1-465D-98FB-921A8A7CC235}.Release|Any CPU.ActiveCfg = Release|Any CPU
		{D88F0286-3EC1-465D-98FB-921A8A7CC235}.Release|Any CPU.Build.0 = Release|Any CPU
	EndGlobalSection
	GlobalSection(SolutionProperties) = preSolution
		HideSolutionNode = FALSE
	EndGlobalSection
	GlobalSection(ExtensibilityGlobals) = postSolution
		SolutionGuid = {310514AE-3EFC-4CD5-9600-403BE64D896D}
	EndGlobalSection
EndGlobal
